// !$*UTF8*$!
{
	archiveVersion = 1;
	classes = {
	};
	objectVersion = 50;
	objects = {

/* Begin PBXBuildFile section */
		4241C3B522198FC100E7A4AF /* AppDelegate.swift in Sources */ = {isa = PBXBuildFile; fileRef = 4241C3B422198FC100E7A4AF /* AppDelegate.swift */; };
		4241C3B722198FC100E7A4AF /* ViewController.swift in Sources */ = {isa = PBXBuildFile; fileRef = 4241C3B622198FC100E7A4AF /* ViewController.swift */; };
		4241C3BA22198FC100E7A4AF /* Main.storyboard in Resources */ = {isa = PBXBuildFile; fileRef = 4241C3B822198FC100E7A4AF /* Main.storyboard */; };
		4241C3BC22198FC300E7A4AF /* Assets.xcassets in Resources */ = {isa = PBXBuildFile; fileRef = 4241C3BB22198FC300E7A4AF /* Assets.xcassets */; };
		4241C3BF22198FC300E7A4AF /* LaunchScreen.storyboard in Resources */ = {isa = PBXBuildFile; fileRef = 4241C3BD22198FC300E7A4AF /* LaunchScreen.storyboard */; };
		4241C3CA22198FC400E7A4AF /* MapProgectTests.swift in Sources */ = {isa = PBXBuildFile; fileRef = 4241C3C922198FC400E7A4AF /* MapProgectTests.swift */; };
		4241C3D522198FC400E7A4AF /* MapProgectUITests.swift in Sources */ = {isa = PBXBuildFile; fileRef = 4241C3D422198FC400E7A4AF /* MapProgectUITests.swift */; };
		4241C3E42219995E00E7A4AF /* Road.swift in Sources */ = {isa = PBXBuildFile; fileRef = 4241C3E32219995E00E7A4AF /* Road.swift */; };
		4241C3EB2224705100E7A4AF /* Buildig.swift in Sources */ = {isa = PBXBuildFile; fileRef = 4241C3EA2224705100E7A4AF /* Buildig.swift */; };
		4241C42C2225A4A600E7A4AF /* PathView.swift in Sources */ = {isa = PBXBuildFile; fileRef = 4241C42B2225A4A600E7A4AF /* PathView.swift */; };
		4241C42E2226F0ED00E7A4AF /* Style.swift in Sources */ = {isa = PBXBuildFile; fileRef = 4241C42D2226F0ED00E7A4AF /* Style.swift */; };
		42FA5D09224E90DB003F69E2 /* PathSearch.swift in Sources */ = {isa = PBXBuildFile; fileRef = 42FA5D08224E90DB003F69E2 /* PathSearch.swift */; };
		42FCF8272237FE80008B7DB7 /* PointRoad.swift in Sources */ = {isa = PBXBuildFile; fileRef = 42FCF8262237FE80008B7DB7 /* PointRoad.swift */; };
		42FCF829223800E6008B7DB7 /* Road.txt in Resources */ = {isa = PBXBuildFile; fileRef = 42FCF828223800E6008B7DB7 /* Road.txt */; };
		42FCF82B22380106008B7DB7 /* Point.txt in Resources */ = {isa = PBXBuildFile; fileRef = 42FCF82A22380106008B7DB7 /* Point.txt */; };
/* End PBXBuildFile section */

/* Begin PBXContainerItemProxy section */
		4241C3C622198FC400E7A4AF /* PBXContainerItemProxy */ = {
			isa = PBXContainerItemProxy;
			containerPortal = 4241C3A922198FC100E7A4AF /* Project object */;
			proxyType = 1;
			remoteGlobalIDString = 4241C3B022198FC100E7A4AF;
			remoteInfo = MapProgect;
		};
		4241C3D122198FC400E7A4AF /* PBXContainerItemProxy */ = {
			isa = PBXContainerItemProxy;
			containerPortal = 4241C3A922198FC100E7A4AF /* Project object */;
			proxyType = 1;
			remoteGlobalIDString = 4241C3B022198FC100E7A4AF;
			remoteInfo = MapProgect;
		};
/* End PBXContainerItemProxy section */

/* Begin PBXFileReference section */
		4241C3B122198FC100E7A4AF /* MapProgect.app */ = {isa = PBXFileReference; explicitFileType = wrapper.application; includeInIndex = 0; path = MapProgect.app; sourceTree = BUILT_PRODUCTS_DIR; };
		4241C3B422198FC100E7A4AF /* AppDelegate.swift */ = {isa = PBXFileReference; lastKnownFileType = sourcecode.swift; path = AppDelegate.swift; sourceTree = "<group>"; };
		4241C3B622198FC100E7A4AF /* ViewController.swift */ = {isa = PBXFileReference; lastKnownFileType = sourcecode.swift; path = ViewController.swift; sourceTree = "<group>"; };
		4241C3B922198FC100E7A4AF /* Base */ = {isa = PBXFileReference; lastKnownFileType = file.storyboard; name = Base; path = Base.lproj/Main.storyboard; sourceTree = "<group>"; };
		4241C3BB22198FC300E7A4AF /* Assets.xcassets */ = {isa = PBXFileReference; lastKnownFileType = folder.assetcatalog; path = Assets.xcassets; sourceTree = "<group>"; };
		4241C3BE22198FC300E7A4AF /* Base */ = {isa = PBXFileReference; lastKnownFileType = file.storyboard; name = Base; path = Base.lproj/LaunchScreen.storyboard; sourceTree = "<group>"; };
		4241C3C022198FC300E7A4AF /* Info.plist */ = {isa = PBXFileReference; lastKnownFileType = text.plist.xml; path = Info.plist; sourceTree = "<group>"; };
		4241C3C522198FC400E7A4AF /* MapProgectTests.xctest */ = {isa = PBXFileReference; explicitFileType = wrapper.cfbundle; includeInIndex = 0; path = MapProgectTests.xctest; sourceTree = BUILT_PRODUCTS_DIR; };
		4241C3C922198FC400E7A4AF /* MapProgectTests.swift */ = {isa = PBXFileReference; lastKnownFileType = sourcecode.swift; path = MapProgectTests.swift; sourceTree = "<group>"; };
		4241C3CB22198FC400E7A4AF /* Info.plist */ = {isa = PBXFileReference; lastKnownFileType = text.plist.xml; path = Info.plist; sourceTree = "<group>"; };
		4241C3D022198FC400E7A4AF /* MapProgectUITests.xctest */ = {isa = PBXFileReference; explicitFileType = wrapper.cfbundle; includeInIndex = 0; path = MapProgectUITests.xctest; sourceTree = BUILT_PRODUCTS_DIR; };
		4241C3D422198FC400E7A4AF /* MapProgectUITests.swift */ = {isa = PBXFileReference; lastKnownFileType = sourcecode.swift; path = MapProgectUITests.swift; sourceTree = "<group>"; };
		4241C3D622198FC400E7A4AF /* Info.plist */ = {isa = PBXFileReference; lastKnownFileType = text.plist.xml; path = Info.plist; sourceTree = "<group>"; };
		4241C3E32219995E00E7A4AF /* Road.swift */ = {isa = PBXFileReference; lastKnownFileType = sourcecode.swift; path = Road.swift; sourceTree = "<group>"; };
		4241C3EA2224705100E7A4AF /* Buildig.swift */ = {isa = PBXFileReference; lastKnownFileType = sourcecode.swift; path = Buildig.swift; sourceTree = "<group>"; };
		4241C42B2225A4A600E7A4AF /* PathView.swift */ = {isa = PBXFileReference; lastKnownFileType = sourcecode.swift; path = PathView.swift; sourceTree = "<group>"; };
		4241C42D2226F0ED00E7A4AF /* Style.swift */ = {isa = PBXFileReference; lastKnownFileType = sourcecode.swift; path = Style.swift; sourceTree = "<group>"; };
		42FA5D08224E90DB003F69E2 /* PathSearch.swift */ = {isa = PBXFileReference; lastKnownFileType = sourcecode.swift; path = PathSearch.swift; sourceTree = "<group>"; };
		42FCF8262237FE80008B7DB7 /* PointRoad.swift */ = {isa = PBXFileReference; lastKnownFileType = sourcecode.swift; path = PointRoad.swift; sourceTree = "<group>"; };
		42FCF828223800E6008B7DB7 /* Road.txt */ = {isa = PBXFileReference; fileEncoding = 4; lastKnownFileType = text; path = Road.txt; sourceTree = "<group>"; };
		42FCF82A22380106008B7DB7 /* Point.txt */ = {isa = PBXFileReference; fileEncoding = 4; lastKnownFileType = text; path = Point.txt; sourceTree = "<group>"; };
/* End PBXFileReference section */

/* Begin PBXFrameworksBuildPhase section */
		4241C3AE22198FC100E7A4AF /* Frameworks */ = {
			isa = PBXFrameworksBuildPhase;
			buildActionMask = 2147483647;
			files = (
			);
			runOnlyForDeploymentPostprocessing = 0;
		};
		4241C3C222198FC300E7A4AF /* Frameworks */ = {
			isa = PBXFrameworksBuildPhase;
			buildActionMask = 2147483647;
			files = (
			);
			runOnlyForDeploymentPostprocessing = 0;
		};
		4241C3CD22198FC400E7A4AF /* Frameworks */ = {
			isa = PBXFrameworksBuildPhase;
			buildActionMask = 2147483647;
			files = (
			);
			runOnlyForDeploymentPostprocessing = 0;
		};
/* End PBXFrameworksBuildPhase section */

/* Begin PBXGroup section */
		4241C3A822198FC100E7A4AF = {
			isa = PBXGroup;
			children = (
				4241C3B322198FC100E7A4AF /* MapProgect */,
				4241C3C822198FC400E7A4AF /* MapProgectTests */,
				4241C3D322198FC400E7A4AF /* MapProgectUITests */,
				4241C3B222198FC100E7A4AF /* Products */,
			);
			sourceTree = "<group>";
		};
		4241C3B222198FC100E7A4AF /* Products */ = {
			isa = PBXGroup;
			children = (
				4241C3B122198FC100E7A4AF /* MapProgect.app */,
				4241C3C522198FC400E7A4AF /* MapProgectTests.xctest */,
				4241C3D022198FC400E7A4AF /* MapProgectUITests.xctest */,
			);
			name = Products;
			sourceTree = "<group>";
		};
		4241C3B322198FC100E7A4AF /* MapProgect */ = {
			isa = PBXGroup;
			children = (
				4241C3E6221EDF7300E7A4AF /* Controller */,
				4241C3E5221EDF4A00E7A4AF /* View */,
				4241C3E22219992C00E7A4AF /* Model */,
				4241C3B422198FC100E7A4AF /* AppDelegate.swift */,
				4241C3BB22198FC300E7A4AF /* Assets.xcassets */,
				4241C3C022198FC300E7A4AF /* Info.plist */,
				42FCF828223800E6008B7DB7 /* Road.txt */,
				42FCF82A22380106008B7DB7 /* Point.txt */,
			);
			path = MapProgect;
			sourceTree = "<group>";
		};
		4241C3C822198FC400E7A4AF /* MapProgectTests */ = {
			isa = PBXGroup;
			children = (
				4241C3C922198FC400E7A4AF /* MapProgectTests.swift */,
				4241C3CB22198FC400E7A4AF /* Info.plist */,
			);
			path = MapProgectTests;
			sourceTree = "<group>";
		};
		4241C3D322198FC400E7A4AF /* MapProgectUITests */ = {
			isa = PBXGroup;
			children = (
				4241C3D422198FC400E7A4AF /* MapProgectUITests.swift */,
				4241C3D622198FC400E7A4AF /* Info.plist */,
			);
			path = MapProgectUITests;
			sourceTree = "<group>";
		};
		4241C3E22219992C00E7A4AF /* Model */ = {
			isa = PBXGroup;
			children = (
				4241C3E32219995E00E7A4AF /* Road.swift */,
				42FCF8262237FE80008B7DB7 /* PointRoad.swift */,
				4241C3EA2224705100E7A4AF /* Buildig.swift */,
				4241C42D2226F0ED00E7A4AF /* Style.swift */,
				42FA5D08224E90DB003F69E2 /* PathSearch.swift */,
			);
			path = Model;
			sourceTree = "<group>";
		};
		4241C3E5221EDF4A00E7A4AF /* View */ = {
			isa = PBXGroup;
			children = (
				4241C3BD22198FC300E7A4AF /* LaunchScreen.storyboard */,
				4241C3B822198FC100E7A4AF /* Main.storyboard */,
			);
			path = View;
			sourceTree = "<group>";
		};
		4241C3E6221EDF7300E7A4AF /* Controller */ = {
			isa = PBXGroup;
			children = (
				4241C3B622198FC100E7A4AF /* ViewController.swift */,
				4241C42B2225A4A600E7A4AF /* PathView.swift */,
			);
			path = Controller;
			sourceTree = "<group>";
		};
/* End PBXGroup section */

/* Begin PBXNativeTarget section */
		4241C3B022198FC100E7A4AF /* MapProgect */ = {
			isa = PBXNativeTarget;
			buildConfigurationList = 4241C3D922198FC400E7A4AF /* Build configuration list for PBXNativeTarget "MapProgect" */;
			buildPhases = (
				4241C3AD22198FC100E7A4AF /* Sources */,
				4241C3AE22198FC100E7A4AF /* Frameworks */,
				4241C3AF22198FC100E7A4AF /* Resources */,
			);
			buildRules = (
			);
			dependencies = (
			);
			name = MapProgect;
			productName = MapProgect;
			productReference = 4241C3B122198FC100E7A4AF /* MapProgect.app */;
			productType = "com.apple.product-type.application";
		};
		4241C3C422198FC300E7A4AF /* MapProgectTests */ = {
			isa = PBXNativeTarget;
			buildConfigurationList = 4241C3DC22198FC400E7A4AF /* Build configuration list for PBXNativeTarget "MapProgectTests" */;
			buildPhases = (
				4241C3C122198FC300E7A4AF /* Sources */,
				4241C3C222198FC300E7A4AF /* Frameworks */,
				4241C3C322198FC300E7A4AF /* Resources */,
			);
			buildRules = (
			);
			dependencies = (
				4241C3C722198FC400E7A4AF /* PBXTargetDependency */,
			);
			name = MapProgectTests;
			productName = MapProgectTests;
			productReference = 4241C3C522198FC400E7A4AF /* MapProgectTests.xctest */;
			productType = "com.apple.product-type.bundle.unit-test";
		};
		4241C3CF22198FC400E7A4AF /* MapProgectUITests */ = {
			isa = PBXNativeTarget;
			buildConfigurationList = 4241C3DF22198FC400E7A4AF /* Build configuration list for PBXNativeTarget "MapProgectUITests" */;
			buildPhases = (
				4241C3CC22198FC400E7A4AF /* Sources */,
				4241C3CD22198FC400E7A4AF /* Frameworks */,
				4241C3CE22198FC400E7A4AF /* Resources */,
			);
			buildRules = (
			);
			dependencies = (
				4241C3D222198FC400E7A4AF /* PBXTargetDependency */,
			);
			name = MapProgectUITests;
			productName = MapProgectUITests;
			productReference = 4241C3D022198FC400E7A4AF /* MapProgectUITests.xctest */;
			productType = "com.apple.product-type.bundle.ui-testing";
		};
/* End PBXNativeTarget section */

/* Begin PBXProject section */
		4241C3A922198FC100E7A4AF /* Project object */ = {
			isa = PBXProject;
			attributes = {
				LastSwiftUpdateCheck = 1010;
				LastUpgradeCheck = 1010;
				ORGANIZATIONNAME = "Всеволод Андрющенко";
				TargetAttributes = {
					4241C3B022198FC100E7A4AF = {
						CreatedOnToolsVersion = 10.1;
					};
					4241C3C422198FC300E7A4AF = {
						CreatedOnToolsVersion = 10.1;
						TestTargetID = 4241C3B022198FC100E7A4AF;
					};
					4241C3CF22198FC400E7A4AF = {
						CreatedOnToolsVersion = 10.1;
						TestTargetID = 4241C3B022198FC100E7A4AF;
					};
				};
			};
			buildConfigurationList = 4241C3AC22198FC100E7A4AF /* Build configuration list for PBXProject "MapProgect" */;
			compatibilityVersion = "Xcode 9.3";
			developmentRegion = en;
			hasScannedForEncodings = 0;
			knownRegions = (
				en,
				Base,
			);
			mainGroup = 4241C3A822198FC100E7A4AF;
			productRefGroup = 4241C3B222198FC100E7A4AF /* Products */;
			projectDirPath = "";
			projectRoot = "";
			targets = (
				4241C3B022198FC100E7A4AF /* MapProgect */,
				4241C3C422198FC300E7A4AF /* MapProgectTests */,
				4241C3CF22198FC400E7A4AF /* MapProgectUITests */,
			);
		};
/* End PBXProject section */

/* Begin PBXResourcesBuildPhase section */
		4241C3AF22198FC100E7A4AF /* Resources */ = {
			isa = PBXResourcesBuildPhase;
			buildActionMask = 2147483647;
			files = (
				42FCF829223800E6008B7DB7 /* Road.txt in Resources */,
				42FCF82B22380106008B7DB7 /* Point.txt in Resources */,
				4241C3BF22198FC300E7A4AF /* LaunchScreen.storyboard in Resources */,
				4241C3BC22198FC300E7A4AF /* Assets.xcassets in Resources */,
				4241C3BA22198FC100E7A4AF /* Main.storyboard in Resources */,
			);
			runOnlyForDeploymentPostprocessing = 0;
		};
		4241C3C322198FC300E7A4AF /* Resources */ = {
			isa = PBXResourcesBuildPhase;
			buildActionMask = 2147483647;
			files = (
			);
			runOnlyForDeploymentPostprocessing = 0;
		};
		4241C3CE22198FC400E7A4AF /* Resources */ = {
			isa = PBXResourcesBuildPhase;
			buildActionMask = 2147483647;
			files = (
			);
			runOnlyForDeploymentPostprocessing = 0;
		};
/* End PBXResourcesBuildPhase section */

/* Begin PBXSourcesBuildPhase section */
		4241C3AD22198FC100E7A4AF /* Sources */ = {
			isa = PBXSourcesBuildPhase;
			buildActionMask = 2147483647;
			files = (
				4241C42C2225A4A600E7A4AF /* PathView.swift in Sources */,
				4241C3EB2224705100E7A4AF /* Buildig.swift in Sources */,
				4241C3B722198FC100E7A4AF /* ViewController.swift in Sources */,
				4241C3E42219995E00E7A4AF /* Road.swift in Sources */,
				4241C3B522198FC100E7A4AF /* AppDelegate.swift in Sources */,
				42FCF8272237FE80008B7DB7 /* PointRoad.swift in Sources */,
				42FA5D09224E90DB003F69E2 /* PathSearch.swift in Sources */,
				4241C42E2226F0ED00E7A4AF /* Style.swift in Sources */,
			);
			runOnlyForDeploymentPostprocessing = 0;
		};
		4241C3C122198FC300E7A4AF /* Sources */ = {
			isa = PBXSourcesBuildPhase;
			buildActionMask = 2147483647;
			files = (
				4241C3CA22198FC400E7A4AF /* MapProgectTests.swift in Sources */,
			);
			runOnlyForDeploymentPostprocessing = 0;
		};
		4241C3CC22198FC400E7A4AF /* Sources */ = {
			isa = PBXSourcesBuildPhase;
			buildActionMask = 2147483647;
			files = (
				4241C3D522198FC400E7A4AF /* MapProgectUITests.swift in Sources */,
			);
			runOnlyForDeploymentPostprocessing = 0;
		};
/* End PBXSourcesBuildPhase section */

/* Begin PBXTargetDependency section */
		4241C3C722198FC400E7A4AF /* PBXTargetDependency */ = {
			isa = PBXTargetDependency;
			target = 4241C3B022198FC100E7A4AF /* MapProgect */;
			targetProxy = 4241C3C622198FC400E7A4AF /* PBXContainerItemProxy */;
		};
		4241C3D222198FC400E7A4AF /* PBXTargetDependency */ = {
			isa = PBXTargetDependency;
			target = 4241C3B022198FC100E7A4AF /* MapProgect */;
			targetProxy = 4241C3D122198FC400E7A4AF /* PBXContainerItemProxy */;
		};
/* End PBXTargetDependency section */

/* Begin PBXVariantGroup section */
		4241C3B822198FC100E7A4AF /* Main.storyboard */ = {
			isa = PBXVariantGroup;
			children = (
				4241C3B922198FC100E7A4AF /* Base */,
			);
			name = Main.storyboard;
			sourceTree = "<group>";
		};
		4241C3BD22198FC300E7A4AF /* LaunchScreen.storyboard */ = {
			isa = PBXVariantGroup;
			children = (
				4241C3BE22198FC300E7A4AF /* Base */,
			);
			name = LaunchScreen.storyboard;
			sourceTree = "<group>";
		};
/* End PBXVariantGroup section */

/* Begin XCBuildConfiguration section */
		4241C3D722198FC400E7A4AF /* Debug */ = {
			isa = XCBuildConfiguration;
			buildSettings = {
				ALWAYS_SEARCH_USER_PATHS = NO;
				CLANG_ANALYZER_NONNULL = YES;
				CLANG_ANALYZER_NUMBER_OBJECT_CONVERSION = YES_AGGRESSIVE;
				CLANG_CXX_LANGUAGE_STANDARD = "gnu++14";
				CLANG_CXX_LIBRARY = "libc++";
				CLANG_ENABLE_MODULES = YES;
				CLANG_ENABLE_OBJC_ARC = YES;
				CLANG_ENABLE_OBJC_WEAK = YES;
				CLANG_WARN_BLOCK_CAPTURE_AUTORELEASING = YES;
				CLANG_WARN_BOOL_CONVERSION = YES;
				CLANG_WARN_COMMA = YES;
				CLANG_WARN_CONSTANT_CONVERSION = YES;
				CLANG_WARN_DEPRECATED_OBJC_IMPLEMENTATIONS = YES;
				CLANG_WARN_DIRECT_OBJC_ISA_USAGE = YES_ERROR;
				CLANG_WARN_DOCUMENTATION_COMMENTS = YES;
				CLANG_WARN_EMPTY_BODY = YES;
				CLANG_WARN_ENUM_CONVERSION = YES;
				CLANG_WARN_INFINITE_RECURSION = YES;
				CLANG_WARN_INT_CONVERSION = YES;
				CLANG_WARN_NON_LITERAL_NULL_CONVERSION = YES;
				CLANG_WARN_OBJC_IMPLICIT_RETAIN_SELF = YES;
				CLANG_WARN_OBJC_LITERAL_CONVERSION = YES;
				CLANG_WARN_OBJC_ROOT_CLASS = YES_ERROR;
				CLANG_WARN_RANGE_LOOP_ANALYSIS = YES;
				CLANG_WARN_STRICT_PROTOTYPES = YES;
				CLANG_WARN_SUSPICIOUS_MOVE = YES;
				CLANG_WARN_UNGUARDED_AVAILABILITY = YES_AGGRESSIVE;
				CLANG_WARN_UNREACHABLE_CODE = YES;
				CLANG_WARN__DUPLICATE_METHOD_MATCH = YES;
				CODE_SIGN_IDENTITY = "iPhone Developer";
				COPY_PHASE_STRIP = NO;
				DEBUG_INFORMATION_FORMAT = dwarf;
				ENABLE_STRICT_OBJC_MSGSEND = YES;
				ENABLE_TESTABILITY = YES;
				GCC_C_LANGUAGE_STANDARD = gnu11;
				GCC_DYNAMIC_NO_PIC = NO;
				GCC_NO_COMMON_BLOCKS = YES;
				GCC_OPTIMIZATION_LEVEL = 0;
				GCC_PREPROCESSOR_DEFINITIONS = (
					"DEBUG=1",
					"$(inherited)",
				);
				GCC_WARN_64_TO_32_BIT_CONVERSION = YES;
				GCC_WARN_ABOUT_RETURN_TYPE = YES_ERROR;
				GCC_WARN_UNDECLARED_SELECTOR = YES;
				GCC_WARN_UNINITIALIZED_AUTOS = YES_AGGRESSIVE;
				GCC_WARN_UNUSED_FUNCTION = YES;
				GCC_WARN_UNUSED_VARIABLE = YES;
				IPHONEOS_DEPLOYMENT_TARGET = 12.1;
				MTL_ENABLE_DEBUG_INFO = INCLUDE_SOURCE;
				MTL_FAST_MATH = YES;
				ONLY_ACTIVE_ARCH = YES;
				SDKROOT = iphoneos;
				SWIFT_ACTIVE_COMPILATION_CONDITIONS = DEBUG;
				SWIFT_OPTIMIZATION_LEVEL = "-Onone";
			};
			name = Debug;
		};
		4241C3D822198FC400E7A4AF /* Release */ = {
			isa = XCBuildConfiguration;
			buildSettings = {
				ALWAYS_SEARCH_USER_PATHS = NO;
				CLANG_ANALYZER_NONNULL = YES;
				CLANG_ANALYZER_NUMBER_OBJECT_CONVERSION = YES_AGGRESSIVE;
				CLANG_CXX_LANGUAGE_STANDARD = "gnu++14";
				CLANG_CXX_LIBRARY = "libc++";
				CLANG_ENABLE_MODULES = YES;
				CLANG_ENABLE_OBJC_ARC = YES;
				CLANG_ENABLE_OBJC_WEAK = YES;
				CLANG_WARN_BLOCK_CAPTURE_AUTORELEASING = YES;
				CLANG_WARN_BOOL_CONVERSION = YES;
				CLANG_WARN_COMMA = YES;
				CLANG_WARN_CONSTANT_CONVERSION = YES;
				CLANG_WARN_DEPRECATED_OBJC_IMPLEMENTATIONS = YES;
				CLANG_WARN_DIRECT_OBJC_ISA_USAGE = YES_ERROR;
				CLANG_WARN_DOCUMENTATION_COMMENTS = YES;
				CLANG_WARN_EMPTY_BODY = YES;
				CLANG_WARN_ENUM_CONVERSION = YES;
				CLANG_WARN_INFINITE_RECURSION = YES;
				CLANG_WARN_INT_CONVERSION = YES;
				CLANG_WARN_NON_LITERAL_NULL_CONVERSION = YES;
				CLANG_WARN_OBJC_IMPLICIT_RETAIN_SELF = YES;
				CLANG_WARN_OBJC_LITERAL_CONVERSION = YES;
				CLANG_WARN_OBJC_ROOT_CLASS = YES_ERROR;
				CLANG_WARN_RANGE_LOOP_ANALYSIS = YES;
				CLANG_WARN_STRICT_PROTOTYPES = YES;
				CLANG_WARN_SUSPICIOUS_MOVE = YES;
				CLANG_WARN_UNGUARDED_AVAILABILITY = YES_AGGRESSIVE;
				CLANG_WARN_UNREACHABLE_CODE = YES;
				CLANG_WARN__DUPLICATE_METHOD_MATCH = YES;
				CODE_SIGN_IDENTITY = "iPhone Developer";
				COPY_PHASE_STRIP = NO;
				DEBUG_INFORMATION_FORMAT = "dwarf-with-dsym";
				ENABLE_NS_ASSERTIONS = NO;
				ENABLE_STRICT_OBJC_MSGSEND = YES;
				GCC_C_LANGUAGE_STANDARD = gnu11;
				GCC_NO_COMMON_BLOCKS = YES;
				GCC_WARN_64_TO_32_BIT_CONVERSION = YES;
				GCC_WARN_ABOUT_RETURN_TYPE = YES_ERROR;
				GCC_WARN_UNDECLARED_SELECTOR = YES;
				GCC_WARN_UNINITIALIZED_AUTOS = YES_AGGRESSIVE;
				GCC_WARN_UNUSED_FUNCTION = YES;
				GCC_WARN_UNUSED_VARIABLE = YES;
				IPHONEOS_DEPLOYMENT_TARGET = 12.1;
				MTL_ENABLE_DEBUG_INFO = NO;
				MTL_FAST_MATH = YES;
				SDKROOT = iphoneos;
				SWIFT_COMPILATION_MODE = wholemodule;
				SWIFT_OPTIMIZATION_LEVEL = "-O";
				VALIDATE_PRODUCT = YES;
			};
			name = Release;
		};
		4241C3DA22198FC400E7A4AF /* Debug */ = {
			isa = XCBuildConfiguration;
			buildSettings = {
				ASSETCATALOG_COMPILER_APPICON_NAME = AppIcon;
				CODE_SIGN_STYLE = Automatic;
				DEVELOPMENT_TEAM = ZVKQ6JXF49;
				INFOPLIST_FILE = MapProgect/Info.plist;
				LD_RUNPATH_SEARCH_PATHS = (
					"$(inherited)",
					"@executable_path/Frameworks",
				);
				PRODUCT_BUNDLE_IDENTIFIER = "-.MapProgect";
				PRODUCT_NAME = "$(TARGET_NAME)";
				SWIFT_VERSION = 4.2;
				TARGETED_DEVICE_FAMILY = "1,2";
			};
			name = Debug;
		};
		4241C3DB22198FC400E7A4AF /* Release */ = {
			isa = XCBuildConfiguration;
			buildSettings = {
				ASSETCATALOG_COMPILER_APPICON_NAME = AppIcon;
				CODE_SIGN_STYLE = Automatic;
				DEVELOPMENT_TEAM = ZVKQ6JXF49;
				INFOPLIST_FILE = MapProgect/Info.plist;
				LD_RUNPATH_SEARCH_PATHS = (
					"$(inherited)",
					"@executable_path/Frameworks",
				);
				PRODUCT_BUNDLE_IDENTIFIER = "-.MapProgect";
				PRODUCT_NAME = "$(TARGET_NAME)";
				SWIFT_VERSION = 4.2;
				TARGETED_DEVICE_FAMILY = "1,2";
			};
			name = Release;
		};
		4241C3DD22198FC400E7A4AF /* Debug */ = {
			isa = XCBuildConfiguration;
			buildSettings = {
				ALWAYS_EMBED_SWIFT_STANDARD_LIBRARIES = YES;
				BUNDLE_LOADER = "$(TEST_HOST)";
				CODE_SIGN_STYLE = Automatic;
				DEVELOPMENT_TEAM = ZVKQ6JXF49;
				INFOPLIST_FILE = MapProgectTests/Info.plist;
				LD_RUNPATH_SEARCH_PATHS = (
					"$(inherited)",
					"@executable_path/Frameworks",
					"@loader_path/Frameworks",
				);
				PRODUCT_BUNDLE_IDENTIFIER = "-.MapProgectTests";
				PRODUCT_NAME = "$(TARGET_NAME)";
				SWIFT_VERSION = 4.2;
				TARGETED_DEVICE_FAMILY = "1,2";
				TEST_HOST = "$(BUILT_PRODUCTS_DIR)/MapProgect.app/MapProgect";
			};
			name = Debug;
		};
		4241C3DE22198FC400E7A4AF /* Release */ = {
			isa = XCBuildConfiguration;
			buildSettings = {
				ALWAYS_EMBED_SWIFT_STANDARD_LIBRARIES = YES;
				BUNDLE_LOADER = "$(TEST_HOST)";
				CODE_SIGN_STYLE = Automatic;
				DEVELOPMENT_TEAM = ZVKQ6JXF49;
				INFOPLIST_FILE = MapProgectTests/Info.plist;
				LD_RUNPATH_SEARCH_PATHS = (
					"$(inherited)",
					"@executable_path/Frameworks",
					"@loader_path/Frameworks",
				);
				PRODUCT_BUNDLE_IDENTIFIER = "-.MapProgectTests";
				PRODUCT_NAME = "$(TARGET_NAME)";
				SWIFT_VERSION = 4.2;
				TARGETED_DEVICE_FAMILY = "1,2";
				TEST_HOST = "$(BUILT_PRODUCTS_DIR)/MapProgect.app/MapProgect";
			};
			name = Release;
		};
		4241C3E022198FC400E7A4AF /* Debug */ = {
			isa = XCBuildConfiguration;
			buildSettings = {
				ALWAYS_EMBED_SWIFT_STANDARD_LIBRARIES = YES;
				CODE_SIGN_STYLE = Automatic;
				DEVELOPMENT_TEAM = ZVKQ6JXF49;
				INFOPLIST_FILE = MapProgectUITests/Info.plist;
				LD_RUNPATH_SEARCH_PATHS = (
					"$(inherited)",
					"@executable_path/Frameworks",
					"@loader_path/Frameworks",
				);
				PRODUCT_BUNDLE_IDENTIFIER = "-.MapProgectUITests";
				PRODUCT_NAME = "$(TARGET_NAME)";
				SWIFT_VERSION = 4.2;
				TARGETED_DEVICE_FAMILY = "1,2";
				TEST_TARGET_NAME = MapProgect;
			};
			name = Debug;
		};
		4241C3E122198FC400E7A4AF /* Release */ = {
			isa = XCBuildConfiguration;
			buildSettings = {
				ALWAYS_EMBED_SWIFT_STANDARD_LIBRARIES = YES;
				CODE_SIGN_STYLE = Automatic;
				DEVELOPMENT_TEAM = ZVKQ6JXF49;
				INFOPLIST_FILE = MapProgectUITests/Info.plist;
				LD_RUNPATH_SEARCH_PATHS = (
					"$(inherited)",
					"@executable_path/Frameworks",
					"@loader_path/Frameworks",
				);
				PRODUCT_BUNDLE_IDENTIFIER = "-.MapProgectUITests";
				PRODUCT_NAME = "$(TARGET_NAME)";
				SWIFT_VERSION = 4.2;
				TARGETED_DEVICE_FAMILY = "1,2";
				TEST_TARGET_NAME = MapProgect;
			};
			name = Release;
		};
/* End XCBuildConfiguration section */

/* Begin XCConfigurationList section */
		4241C3AC22198FC100E7A4AF /* Build configuration list for PBXProject "MapProgect" */ = {
			isa = XCConfigurationList;
			buildConfigurations = (
				4241C3D722198FC400E7A4AF /* Debug */,
				4241C3D822198FC400E7A4AF /* Release */,
			);
			defaultConfigurationIsVisible = 0;
			defaultConfigurationName = Release;
		};
		4241C3D922198FC400E7A4AF /* Build configuration list for PBXNativeTarget "MapProgect" */ = {
			isa = XCConfigurationList;
			buildConfigurations = (
				4241C3DA22198FC400E7A4AF /* Debug */,
				4241C3DB22198FC400E7A4AF /* Release */,
			);
			defaultConfigurationIsVisible = 0;
			defaultConfigurationName = Release;
		};
		4241C3DC22198FC400E7A4AF /* Build configuration list for PBXNativeTarget "MapProgectTests" */ = {
			isa = XCConfigurationList;
			buildConfigurations = (
				4241C3DD22198FC400E7A4AF /* Debug */,
				4241C3DE22198FC400E7A4AF /* Release */,
			);
			defaultConfigurationIsVisible = 0;
			defaultConfigurationName = Release;
		};
		4241C3DF22198FC400E7A4AF /* Build configuration list for PBXNativeTarget "MapProgectUITests" */ = {
			isa = XCConfigurationList;
			buildConfigurations = (
				4241C3E022198FC400E7A4AF /* Debug */,
				4241C3E122198FC400E7A4AF /* Release */,
			);
			defaultConfigurationIsVisible = 0;
			defaultConfigurationName = Release;
		};
/* End XCConfigurationList section */
	};
	rootObject = 4241C3A922198FC100E7A4AF /* Project object */;
}
